
Microsoft Visual Studio Solution File, Format Version 12.00
# Visual Studio Version 16
VisualStudioVersion = 16.0.29728.190
MinimumVisualStudioVersion = 10.0.40219.1
Project("{FAE04EC0-301F-11D3-BF4B-00C04F79EFBC}") = "RelateIT.UWP", "RelateIT.UWP\RelateIT.UWP.csproj", "{F5D4811D-42BE-492E-9A5F-6CE7C3703912}"
EndProject
Project("{FAE04EC0-301F-11D3-BF4B-00C04F79EFBC}") = "RelateIT.Android", "RelateIT.Android\RelateIT.Android.csproj", "{82C9ED80-31AA-4DA8-92D1-0A4F0D57944A}"
EndProject
Project("{FAE04EC0-301F-11D3-BF4B-00C04F79EFBC}") = "RelateIT.iOS", "RelateIT.iOS\RelateIT.iOS.csproj", "{74D3630F-BF25-434D-9C6E-8B9652BC7919}"
EndProject
Project("{9A19103F-16F7-4668-BE54-9A1E7A4F7556}") = "RelateIT", "RelateIT\RelateIT.csproj", "{76CCC07B-47BA-4B3F-9158-351E9B2D4ACE}"
EndProject
Global
	GlobalSection(SolutionConfigurationPlatforms) = preSolution
		Debug|Any CPU = Debug|Any CPU
		Debug|ARM = Debug|ARM
		Debug|iPhone = Debug|iPhone
		Debug|iPhoneSimulator = Debug|iPhoneSimulator
		Debug|x64 = Debug|x64
		Debug|x86 = Debug|x86
		Release|Any CPU = Release|Any CPU
		Release|ARM = Release|ARM
		Release|iPhone = Release|iPhone
		Release|iPhoneSimulator = Release|iPhoneSimulator
		Release|x64 = Release|x64
		Release|x86 = Release|x86
	EndGlobalSection
	GlobalSection(ProjectConfigurationPlatforms) = postSolution
		{F5D4811D-42BE-492E-9A5F-6CE7C3703912}.Debug|Any CPU.ActiveCfg = Debug|x86
		{F5D4811D-42BE-492E-9A5F-6CE7C3703912}.Debug|Any CPU.Build.0 = Debug|x86
		{F5D4811D-42BE-492E-9A5F-6CE7C3703912}.Debug|Any CPU.Deploy.0 = Debug|x86
		{F5D4811D-42BE-492E-9A5F-6CE7C3703912}.Debug|ARM.ActiveCfg = Debug|ARM
		{F5D4811D-42BE-492E-9A5F-6CE7C3703912}.Debug|ARM.Build.0 = Debug|ARM
		{F5D4811D-42BE-492E-9A5F-6CE7C3703912}.Debug|ARM.Deploy.0 = Debug|ARM
		{F5D4811D-42BE-492E-9A5F-6CE7C3703912}.Debug|iPhone.ActiveCfg = Debug|x86
		{F5D4811D-42BE-492E-9A5F-6CE7C3703912}.Debug|iPhone.Build.0 = Debug|x86
		{F5D4811D-42BE-492E-9A5F-6CE7C3703912}.Debug|iPhone.Deploy.0 = Debug|x86
		{F5D4811D-42BE-492E-9A5F-6CE7C3703912}.Debug|iPhoneSimulator.ActiveCfg = Debug|x86
		{F5D4811D-42BE-492E-9A5F-6CE7C3703912}.Debug|iPhoneSimulator.Build.0 = Debug|x86
		{F5D4811D-42BE-492E-9A5F-6CE7C3703912}.Debug|iPhoneSimulator.Deploy.0 = Debug|x86
		{F5D4811D-42BE-492E-9A5F-6CE7C3703912}.Debug|x64.ActiveCfg = Debug|x64
		{F5D4811D-42BE-492E-9A5F-6CE7C3703912}.Debug|x64.Build.0 = Debug|x64
		{F5D4811D-42BE-492E-9A5F-6CE7C3703912}.Debug|x64.Deploy.0 = Debug|x64
		{F5D4811D-42BE-492E-9A5F-6CE7C3703912}.Debug|x86.ActiveCfg = Debug|x86
		{F5D4811D-42BE-492E-9A5F-6CE7C3703912}.Debug|x86.Build.0 = Debug|x86
		{F5D4811D-42BE-492E-9A5F-6CE7C3703912}.Debug|x86.Deploy.0 = Debug|x86
		{F5D4811D-42BE-492E-9A5F-6CE7C3703912}.Release|Any CPU.ActiveCfg = Release|x86
		{F5D4811D-42BE-492E-9A5F-6CE7C3703912}.Release|Any CPU.Build.0 = Release|x86
		{F5D4811D-42BE-492E-9A5F-6CE7C3703912}.Release|Any CPU.Deploy.0 = Release|x86
		{F5D4811D-42BE-492E-9A5F-6CE7C3703912}.Release|ARM.ActiveCfg = Release|ARM
		{F5D4811D-42BE-492E-9A5F-6CE7C3703912}.Release|ARM.Build.0 = Release|ARM
		{F5D4811D-42BE-492E-9A5F-6CE7C3703912}.Release|ARM.Deploy.0 = Release|ARM
		{F5D4811D-42BE-492E-9A5F-6CE7C3703912}.Release|iPhone.ActiveCfg = Release|x86
		{F5D4811D-42BE-492E-9A5F-6CE7C3703912}.Release|iPhone.Build.0 = Release|x86
		{F5D4811D-42BE-492E-9A5F-6CE7C3703912}.Release|iPhone.Deploy.0 = Release|x86
		{F5D4811D-42BE-492E-9A5F-6CE7C3703912}.Release|iPhoneSimulator.ActiveCfg = Release|x86
		{F5D4811D-42BE-492E-9A5F-6CE7C3703912}.Release|iPhoneSimulator.Build.0 = Release|x86
		{F5D4811D-42BE-492E-9A5F-6CE7C3703912}.Release|iPhoneSimulator.Deploy.0 = Release|x86
		{F5D4811D-42BE-492E-9A5F-6CE7C3703912}.Release|x64.ActiveCfg = Release|x64
		{F5D4811D-42BE-492E-9A5F-6CE7C3703912}.Release|x64.Build.0 = Release|x64
		{F5D4811D-42BE-492E-9A5F-6CE7C3703912}.Release|x64.Deploy.0 = Release|x64
		{F5D4811D-42BE-492E-9A5F-6CE7C3703912}.Release|x86.ActiveCfg = Release|x86
		{F5D4811D-42BE-492E-9A5F-6CE7C3703912}.Release|x86.Build.0 = Release|x86
		{F5D4811D-42BE-492E-9A5F-6CE7C3703912}.Release|x86.Deploy.0 = Release|x86
		{82C9ED80-31AA-4DA8-92D1-0A4F0D57944A}.Debug|Any CPU.ActiveCfg = Debug|Any CPU
		{82C9ED80-31AA-4DA8-92D1-0A4F0D57944A}.Debug|Any CPU.Build.0 = Debug|Any CPU
		{82C9ED80-31AA-4DA8-92D1-0A4F0D57944A}.Debug|Any CPU.Deploy.0 = Debug|Any CPU
		{82C9ED80-31AA-4DA8-92D1-0A4F0D57944A}.Debug|ARM.ActiveCfg = Debug|Any CPU
		{82C9ED80-31AA-4DA8-92D1-0A4F0D57944A}.Debug|ARM.Build.0 = Debug|Any CPU
		{82C9ED80-31AA-4DA8-92D1-0A4F0D57944A}.Debug|ARM.Deploy.0 = Debug|Any CPU
		{82C9ED80-31AA-4DA8-92D1-0A4F0D57944A}.Debug|iPhone.ActiveCfg = Debug|Any CPU
		{82C9ED80-31AA-4DA8-92D1-0A4F0D57944A}.Debug|iPhone.Build.0 = Debug|Any CPU
		{82C9ED80-31AA-4DA8-92D1-0A4F0D57944A}.Debug|iPhone.Deploy.0 = Debug|Any CPU
		{82C9ED80-31AA-4DA8-92D1-0A4F0D57944A}.Debug|iPhoneSimulator.ActiveCfg = Debug|Any CPU
		{82C9ED80-31AA-4DA8-92D1-0A4F0D57944A}.Debug|iPhoneSimulator.Build.0 = Debug|Any CPU
		{82C9ED80-31AA-4DA8-92D1-0A4F0D57944A}.Debug|iPhoneSimulator.Deploy.0 = Debug|Any CPU
		{82C9ED80-31AA-4DA8-92D1-0A4F0D57944A}.Debug|x64.ActiveCfg = Debug|Any CPU
		{82C9ED80-31AA-4DA8-92D1-0A4F0D57944A}.Debug|x64.Build.0 = Debug|Any CPU
		{82C9ED80-31AA-4DA8-92D1-0A4F0D57944A}.Debug|x64.Deploy.0 = Debug|Any CPU
		{82C9ED80-31AA-4DA8-92D1-0A4F0D57944A}.Debug|x86.ActiveCfg = Debug|Any CPU
		{82C9ED80-31AA-4DA8-92D1-0A4F0D57944A}.Debug|x86.Build.0 = Debug|Any CPU
		{82C9ED80-31AA-4DA8-92D1-0A4F0D57944A}.Debug|x86.Deploy.0 = Debug|Any CPU
		{82C9ED80-31AA-4DA8-92D1-0A4F0D57944A}.Release|Any CPU.ActiveCfg = Release|Any CPU
		{82C9ED80-31AA-4DA8-92D1-0A4F0D57944A}.Release|Any CPU.Build.0 = Release|Any CPU
		{82C9ED80-31AA-4DA8-92D1-0A4F0D57944A}.Release|Any CPU.Deploy.0 = Release|Any CPU
		{82C9ED80-31AA-4DA8-92D1-0A4F0D57944A}.Release|ARM.ActiveCfg = Release|Any CPU
		{82C9ED80-31AA-4DA8-92D1-0A4F0D57944A}.Release|ARM.Build.0 = Release|Any CPU
		{82C9ED80-31AA-4DA8-92D1-0A4F0D57944A}.Release|ARM.Deploy.0 = Release|Any CPU
		{82C9ED80-31AA-4DA8-92D1-0A4F0D57944A}.Release|iPhone.ActiveCfg = Release|Any CPU
		{82C9ED80-31AA-4DA8-92D1-0A4F0D57944A}.Release|iPhone.Build.0 = Release|Any CPU
		{82C9ED80-31AA-4DA8-92D1-0A4F0D57944A}.Release|iPhone.Deploy.0 = Release|Any CPU
		{82C9ED80-31AA-4DA8-92D1-0A4F0D57944A}.Release|iPhoneSimulator.ActiveCfg = Release|Any CPU
		{82C9ED80-31AA-4DA8-92D1-0A4F0D57944A}.Release|iPhoneSimulator.Build.0 = Release|Any CPU
		{82C9ED80-31AA-4DA8-92D1-0A4F0D57944A}.Release|iPhoneSimulator.Deploy.0 = Release|Any CPU
		{82C9ED80-31AA-4DA8-92D1-0A4F0D57944A}.Release|x64.ActiveCfg = Release|Any CPU
		{82C9ED80-31AA-4DA8-92D1-0A4F0D57944A}.Release|x64.Build.0 = Release|Any CPU
		{82C9ED80-31AA-4DA8-92D1-0A4F0D57944A}.Release|x64.Deploy.0 = Release|Any CPU
		{82C9ED80-31AA-4DA8-92D1-0A4F0D57944A}.Release|x86.ActiveCfg = Release|Any CPU
		{82C9ED80-31AA-4DA8-92D1-0A4F0D57944A}.Release|x86.Build.0 = Release|Any CPU
		{82C9ED80-31AA-4DA8-92D1-0A4F0D57944A}.Release|x86.Deploy.0 = Release|Any CPU
		{74D3630F-BF25-434D-9C6E-8B9652BC7919}.Debug|Any CPU.ActiveCfg = Debug|iPhone
		{74D3630F-BF25-434D-9C6E-8B9652BC7919}.Debug|Any CPU.Build.0 = Debug|iPhone
		{74D3630F-BF25-434D-9C6E-8B9652BC7919}.Debug|Any CPU.Deploy.0 = Debug|iPhone
		{74D3630F-BF25-434D-9C6E-8B9652BC7919}.Debug|ARM.ActiveCfg = Debug|iPhoneSimulator
		{74D3630F-BF25-434D-9C6E-8B9652BC7919}.Debug|ARM.Build.0 = Debug|iPhoneSimulator
		{74D3630F-BF25-434D-9C6E-8B9652BC7919}.Debug|ARM.Deploy.0 = Debug|iPhoneSimulator
		{74D3630F-BF25-434D-9C6E-8B9652BC7919}.Debug|iPhone.ActiveCfg = Debug|iPhone
		{74D3630F-BF25-434D-9C6E-8B9652BC7919}.Debug|iPhone.Build.0 = Debug|iPhone
		{74D3630F-BF25-434D-9C6E-8B9652BC7919}.Debug|iPhone.Deploy.0 = Debug|iPhone
		{74D3630F-BF25-434D-9C6E-8B9652BC7919}.Debug|iPhoneSimulator.ActiveCfg = Debug|iPhoneSimulator
		{74D3630F-BF25-434D-9C6E-8B9652BC7919}.Debug|iPhoneSimulator.Build.0 = Debug|iPhoneSimulator
		{74D3630F-BF25-434D-9C6E-8B9652BC7919}.Debug|iPhoneSimulator.Deploy.0 = Debug|iPhoneSimulator
		{74D3630F-BF25-434D-9C6E-8B9652BC7919}.Debug|x64.ActiveCfg = Debug|iPhone
		{74D3630F-BF25-434D-9C6E-8B9652BC7919}.Debug|x64.Build.0 = Debug|iPhone
		{74D3630F-BF25-434D-9C6E-8B9652BC7919}.Debug|x64.Deploy.0 = Debug|iPhone
		{74D3630F-BF25-434D-9C6E-8B9652BC7919}.Debug|x86.ActiveCfg = Debug|iPhone
		{74D3630F-BF25-434D-9C6E-8B9652BC7919}.Debug|x86.Build.0 = Debug|iPhone
		{74D3630F-BF25-434D-9C6E-8B9652BC7919}.Debug|x86.Deploy.0 = Debug|iPhone
		{74D3630F-BF25-434D-9C6E-8B9652BC7919}.Release|Any CPU.ActiveCfg = Release|iPhone
		{74D3630F-BF25-434D-9C6E-8B9652BC7919}.Release|Any CPU.Build.0 = Release|iPhone
		{74D3630F-BF25-434D-9C6E-8B9652BC7919}.Release|Any CPU.Deploy.0 = Release|iPhone
		{74D3630F-BF25-434D-9C6E-8B9652BC7919}.Release|ARM.ActiveCfg = Release|iPhone
		{74D3630F-BF25-434D-9C6E-8B9652BC7919}.Release|ARM.Build.0 = Release|iPhone
		{74D3630F-BF25-434D-9C6E-8B9652BC7919}.Release|ARM.Deploy.0 = Release|iPhone
		{74D3630F-BF25-434D-9C6E-8B9652BC7919}.Release|iPhone.ActiveCfg = Release|iPhone
		{74D3630F-BF25-434D-9C6E-8B9652BC7919}.Release|iPhone.Build.0 = Release|iPhone
		{74D3630F-BF25-434D-9C6E-8B9652BC7919}.Release|iPhone.Deploy.0 = Release|iPhone
		{74D3630F-BF25-434D-9C6E-8B9652BC7919}.Release|iPhoneSimulator.ActiveCfg = Release|iPhoneSimulator
		{74D3630F-BF25-434D-9C6E-8B9652BC7919}.Release|iPhoneSimulator.Build.0 = Release|iPhoneSimulator
		{74D3630F-BF25-434D-9C6E-8B9652BC7919}.Release|iPhoneSimulator.Deploy.0 = Release|iPhoneSimulator
		{74D3630F-BF25-434D-9C6E-8B9652BC7919}.Release|x64.ActiveCfg = Release|iPhone
		{74D3630F-BF25-434D-9C6E-8B9652BC7919}.Release|x64.Build.0 = Release|iPhone
		{74D3630F-BF25-434D-9C6E-8B9652BC7919}.Release|x64.Deploy.0 = Release|iPhone
		{74D3630F-BF25-434D-9C6E-8B9652BC7919}.Release|x86.ActiveCfg = Release|iPhone
		{74D3630F-BF25-434D-9C6E-8B9652BC7919}.Release|x86.Build.0 = Release|iPhone
		{74D3630F-BF25-434D-9C6E-8B9652BC7919}.Release|x86.Deploy.0 = Release|iPhone
		{76CCC07B-47BA-4B3F-9158-351E9B2D4ACE}.Debug|Any CPU.ActiveCfg = Debug|Any CPU
		{76CCC07B-47BA-4B3F-9158-351E9B2D4ACE}.Debug|Any CPU.Build.0 = Debug|Any CPU
		{76CCC07B-47BA-4B3F-9158-351E9B2D4ACE}.Debug|Any CPU.Deploy.0 = Debug|Any CPU
		{76CCC07B-47BA-4B3F-9158-351E9B2D4ACE}.Debug|ARM.ActiveCfg = Debug|Any CPU
		{76CCC07B-47BA-4B3F-9158-351E9B2D4ACE}.Debug|ARM.Build.0 = Debug|Any CPU
		{76CCC07B-47BA-4B3F-9158-351E9B2D4ACE}.Debug|ARM.Deploy.0 = Debug|Any CPU
		{76CCC07B-47BA-4B3F-9158-351E9B2D4ACE}.Debug|iPhone.ActiveCfg = Debug|Any CPU
		{76CCC07B-47BA-4B3F-9158-351E9B2D4ACE}.Debug|iPhone.Build.0 = Debug|Any CPU
		{76CCC07B-47BA-4B3F-9158-351E9B2D4ACE}.Debug|iPhone.Deploy.0 = Debug|Any CPU
		{76CCC07B-47BA-4B3F-9158-351E9B2D4ACE}.Debug|iPhoneSimulator.ActiveCfg = Debug|Any CPU
		{76CCC07B-47BA-4B3F-9158-351E9B2D4ACE}.Debug|iPhoneSimulator.Build.0 = Debug|Any CPU
		{76CCC07B-47BA-4B3F-9158-351E9B2D4ACE}.Debug|iPhoneSimulator.Deploy.0 = Debug|Any CPU
		{76CCC07B-47BA-4B3F-9158-351E9B2D4ACE}.Debug|x64.ActiveCfg = Debug|Any CPU
		{76CCC07B-47BA-4B3F-9158-351E9B2D4ACE}.Debug|x64.Build.0 = Debug|Any CPU
		{76CCC07B-47BA-4B3F-9158-351E9B2D4ACE}.Debug|x64.Deploy.0 = Debug|Any CPU
		{76CCC07B-47BA-4B3F-9158-351E9B2D4ACE}.Debug|x86.ActiveCfg = Debug|Any CPU
		{76CCC07B-47BA-4B3F-9158-351E9B2D4ACE}.Debug|x86.Build.0 = Debug|Any CPU
		{76CCC07B-47BA-4B3F-9158-351E9B2D4ACE}.Debug|x86.Deploy.0 = Debug|Any CPU
		{76CCC07B-47BA-4B3F-9158-351E9B2D4ACE}.Release|Any CPU.ActiveCfg = Release|Any CPU
		{76CCC07B-47BA-4B3F-9158-351E9B2D4ACE}.Release|Any CPU.Build.0 = Release|Any CPU
		{76CCC07B-47BA-4B3F-9158-351E9B2D4ACE}.Release|Any CPU.Deploy.0 = Release|Any CPU
		{76CCC07B-47BA-4B3F-9158-351E9B2D4ACE}.Release|ARM.ActiveCfg = Release|Any CPU
		{76CCC07B-47BA-4B3F-9158-351E9B2D4ACE}.Release|ARM.Build.0 = Release|Any CPU
		{76CCC07B-47BA-4B3F-9158-351E9B2D4ACE}.Release|ARM.Deploy.0 = Release|Any CPU
		{76CCC07B-47BA-4B3F-9158-351E9B2D4ACE}.Release|iPhone.ActiveCfg = Release|Any CPU
		{76CCC07B-47BA-4B3F-9158-351E9B2D4ACE}.Release|iPhone.Build.0 = Release|Any CPU
		{76CCC07B-47BA-4B3F-9158-351E9B2D4ACE}.Release|iPhone.Deploy.0 = Release|Any CPU
		{76CCC07B-47BA-4B3F-9158-351E9B2D4ACE}.Release|iPhoneSimulator.ActiveCfg = Release|Any CPU
		{76CCC07B-47BA-4B3F-9158-351E9B2D4ACE}.Release|iPhoneSimulator.Build.0 = Release|Any CPU
		{76CCC07B-47BA-4B3F-9158-351E9B2D4ACE}.Release|iPhoneSimulator.Deploy.0 = Release|Any CPU
		{76CCC07B-47BA-4B3F-9158-351E9B2D4ACE}.Release|x64.ActiveCfg = Release|Any CPU
		{76CCC07B-47BA-4B3F-9158-351E9B2D4ACE}.Release|x64.Build.0 = Release|Any CPU
		{76CCC07B-47BA-4B3F-9158-351E9B2D4ACE}.Release|x64.Deploy.0 = Release|Any CPU
		{76CCC07B-47BA-4B3F-9158-351E9B2D4ACE}.Release|x86.ActiveCfg = Release|Any CPU
		{76CCC07B-47BA-4B3F-9158-351E9B2D4ACE}.Release|x86.Build.0 = Release|Any CPU
		{76CCC07B-47BA-4B3F-9158-351E9B2D4ACE}.Release|x86.Deploy.0 = Release|Any CPU
	EndGlobalSection
	GlobalSection(SolutionProperties) = preSolution
		HideSolutionNode = FALSE
	EndGlobalSection
	GlobalSection(ExtensibilityGlobals) = postSolution
		SolutionGuid = {670BA28D-D7E0-4E57-B1B5-ACCC3B40EC89}
	EndGlobalSection
EndGlobal
