
Microsoft Visual Studio Solution File, Format Version 12.00
# Visual Studio Version 16
VisualStudioVersion = 16.0.29728.190
MinimumVisualStudioVersion = 10.0.40219.1
Project("{FAE04EC0-301F-11D3-BF4B-00C04F79EFBC}") = "HPlusShell.Android", "HPlusShell.Android\HPlusShell.Android.csproj", "{353084FC-2DCF-4B05-ADE0-1B65DA31D20A}"
EndProject
Project("{FAE04EC0-301F-11D3-BF4B-00C04F79EFBC}") = "HPlusShell.iOS", "HPlusShell.iOS\HPlusShell.iOS.csproj", "{4399B183-8BD6-4542-8E17-F6C5796F6C26}"
EndProject
Project("{FAE04EC0-301F-11D3-BF4B-00C04F79EFBC}") = "HPlusShell", "HPlusShell\HPlusShell.csproj", "{A9F2428D-4764-4B28-88CA-84B88498F7F4}"
EndProject
Global
	GlobalSection(SolutionConfigurationPlatforms) = preSolution
		Debug|Any CPU = Debug|Any CPU
		Debug|iPhone = Debug|iPhone
		Debug|iPhoneSimulator = Debug|iPhoneSimulator
		Release|Any CPU = Release|Any CPU
		Release|iPhone = Release|iPhone
		Release|iPhoneSimulator = Release|iPhoneSimulator
	EndGlobalSection
	GlobalSection(ProjectConfigurationPlatforms) = postSolution
		{353084FC-2DCF-4B05-ADE0-1B65DA31D20A}.Debug|Any CPU.ActiveCfg = Debug|Any CPU
		{353084FC-2DCF-4B05-ADE0-1B65DA31D20A}.Debug|Any CPU.Build.0 = Debug|Any CPU
		{353084FC-2DCF-4B05-ADE0-1B65DA31D20A}.Debug|Any CPU.Deploy.0 = Debug|Any CPU
		{353084FC-2DCF-4B05-ADE0-1B65DA31D20A}.Debug|iPhone.ActiveCfg = Debug|Any CPU
		{353084FC-2DCF-4B05-ADE0-1B65DA31D20A}.Debug|iPhone.Build.0 = Debug|Any CPU
		{353084FC-2DCF-4B05-ADE0-1B65DA31D20A}.Debug|iPhone.Deploy.0 = Debug|Any CPU
		{353084FC-2DCF-4B05-ADE0-1B65DA31D20A}.Debug|iPhoneSimulator.ActiveCfg = Debug|Any CPU
		{353084FC-2DCF-4B05-ADE0-1B65DA31D20A}.Debug|iPhoneSimulator.Build.0 = Debug|Any CPU
		{353084FC-2DCF-4B05-ADE0-1B65DA31D20A}.Debug|iPhoneSimulator.Deploy.0 = Debug|Any CPU
		{353084FC-2DCF-4B05-ADE0-1B65DA31D20A}.Release|Any CPU.ActiveCfg = Release|Any CPU
		{353084FC-2DCF-4B05-ADE0-1B65DA31D20A}.Release|Any CPU.Build.0 = Release|Any CPU
		{353084FC-2DCF-4B05-ADE0-1B65DA31D20A}.Release|Any CPU.Deploy.0 = Release|Any CPU
		{353084FC-2DCF-4B05-ADE0-1B65DA31D20A}.Release|iPhone.ActiveCfg = Release|Any CPU
		{353084FC-2DCF-4B05-ADE0-1B65DA31D20A}.Release|iPhone.Build.0 = Release|Any CPU
		{353084FC-2DCF-4B05-ADE0-1B65DA31D20A}.Release|iPhone.Deploy.0 = Release|Any CPU
		{353084FC-2DCF-4B05-ADE0-1B65DA31D20A}.Release|iPhoneSimulator.ActiveCfg = Release|Any CPU
		{353084FC-2DCF-4B05-ADE0-1B65DA31D20A}.Release|iPhoneSimulator.Build.0 = Release|Any CPU
		{353084FC-2DCF-4B05-ADE0-1B65DA31D20A}.Release|iPhoneSimulator.Deploy.0 = Release|Any CPU
		{4399B183-8BD6-4542-8E17-F6C5796F6C26}.Debug|Any CPU.ActiveCfg = Debug|iPhoneSimulator
		{4399B183-8BD6-4542-8E17-F6C5796F6C26}.Debug|Any CPU.Build.0 = Debug|iPhoneSimulator
		{4399B183-8BD6-4542-8E17-F6C5796F6C26}.Debug|Any CPU.Deploy.0 = Debug|iPhoneSimulator
		{4399B183-8BD6-4542-8E17-F6C5796F6C26}.Debug|iPhone.ActiveCfg = Debug|iPhone
		{4399B183-8BD6-4542-8E17-F6C5796F6C26}.Debug|iPhone.Build.0 = Debug|iPhone
		{4399B183-8BD6-4542-8E17-F6C5796F6C26}.Debug|iPhone.Deploy.0 = Debug|iPhone
		{4399B183-8BD6-4542-8E17-F6C5796F6C26}.Debug|iPhoneSimulator.ActiveCfg = Debug|iPhoneSimulator
		{4399B183-8BD6-4542-8E17-F6C5796F6C26}.Debug|iPhoneSimulator.Build.0 = Debug|iPhoneSimulator
		{4399B183-8BD6-4542-8E17-F6C5796F6C26}.Debug|iPhoneSimulator.Deploy.0 = Debug|iPhoneSimulator
		{4399B183-8BD6-4542-8E17-F6C5796F6C26}.Release|Any CPU.ActiveCfg = Release|iPhone
		{4399B183-8BD6-4542-8E17-F6C5796F6C26}.Release|Any CPU.Build.0 = Release|iPhone
		{4399B183-8BD6-4542-8E17-F6C5796F6C26}.Release|Any CPU.Deploy.0 = Release|iPhone
		{4399B183-8BD6-4542-8E17-F6C5796F6C26}.Release|iPhone.ActiveCfg = Release|iPhone
		{4399B183-8BD6-4542-8E17-F6C5796F6C26}.Release|iPhone.Build.0 = Release|iPhone
		{4399B183-8BD6-4542-8E17-F6C5796F6C26}.Release|iPhone.Deploy.0 = Release|iPhone
		{4399B183-8BD6-4542-8E17-F6C5796F6C26}.Release|iPhoneSimulator.ActiveCfg = Release|iPhoneSimulator
		{4399B183-8BD6-4542-8E17-F6C5796F6C26}.Release|iPhoneSimulator.Build.0 = Release|iPhoneSimulator
		{4399B183-8BD6-4542-8E17-F6C5796F6C26}.Release|iPhoneSimulator.Deploy.0 = Release|iPhoneSimulator
		{A9F2428D-4764-4B28-88CA-84B88498F7F4}.Debug|Any CPU.ActiveCfg = Debug|Any CPU
		{A9F2428D-4764-4B28-88CA-84B88498F7F4}.Debug|Any CPU.Build.0 = Debug|Any CPU
		{A9F2428D-4764-4B28-88CA-84B88498F7F4}.Debug|Any CPU.Deploy.0 = Debug|Any CPU
		{A9F2428D-4764-4B28-88CA-84B88498F7F4}.Debug|iPhone.ActiveCfg = Debug|Any CPU
		{A9F2428D-4764-4B28-88CA-84B88498F7F4}.Debug|iPhone.Build.0 = Debug|Any CPU
		{A9F2428D-4764-4B28-88CA-84B88498F7F4}.Debug|iPhone.Deploy.0 = Debug|Any CPU
		{A9F2428D-4764-4B28-88CA-84B88498F7F4}.Debug|iPhoneSimulator.ActiveCfg = Debug|Any CPU
		{A9F2428D-4764-4B28-88CA-84B88498F7F4}.Debug|iPhoneSimulator.Build.0 = Debug|Any CPU
		{A9F2428D-4764-4B28-88CA-84B88498F7F4}.Debug|iPhoneSimulator.Deploy.0 = Debug|Any CPU
		{A9F2428D-4764-4B28-88CA-84B88498F7F4}.Release|Any CPU.ActiveCfg = Release|Any CPU
		{A9F2428D-4764-4B28-88CA-84B88498F7F4}.Release|Any CPU.Build.0 = Release|Any CPU
		{A9F2428D-4764-4B28-88CA-84B88498F7F4}.Release|Any CPU.Deploy.0 = Release|Any CPU
		{A9F2428D-4764-4B28-88CA-84B88498F7F4}.Release|iPhone.ActiveCfg = Release|Any CPU
		{A9F2428D-4764-4B28-88CA-84B88498F7F4}.Release|iPhone.Build.0 = Release|Any CPU
		{A9F2428D-4764-4B28-88CA-84B88498F7F4}.Release|iPhone.Deploy.0 = Release|Any CPU
		{A9F2428D-4764-4B28-88CA-84B88498F7F4}.Release|iPhoneSimulator.ActiveCfg = Release|Any CPU
		{A9F2428D-4764-4B28-88CA-84B88498F7F4}.Release|iPhoneSimulator.Build.0 = Release|Any CPU
		{A9F2428D-4764-4B28-88CA-84B88498F7F4}.Release|iPhoneSimulator.Deploy.0 = Release|Any CPU
	EndGlobalSection
	GlobalSection(SolutionProperties) = preSolution
		HideSolutionNode = FALSE
	EndGlobalSection
	GlobalSection(ExtensibilityGlobals) = postSolution
		SolutionGuid = {0BDB6BA5-781F-4D88-964B-7DA9632ECF2F}
	EndGlobalSection
EndGlobal
